// !$*UTF8*$!
{
	archiveVersion = 1;
	classes = {
	};
	objectVersion = 50;
	objects = {

/* Begin PBXBuildFile section */
		9142A058214392D0002BA20C /* MovieListInteractor.swift in Sources */ = {isa = PBXBuildFile; fileRef = 9142A057214392D0002BA20C /* MovieListInteractor.swift */; };
		9142A05A2143941B002BA20C /* MovieListPresenter.swift in Sources */ = {isa = PBXBuildFile; fileRef = 9142A0592143941B002BA20C /* MovieListPresenter.swift */; };
		9142A05D214395D1002BA20C /* MovieSearchApi.swift in Sources */ = {isa = PBXBuildFile; fileRef = 9142A05C214395D1002BA20C /* MovieSearchApi.swift */; };
		917A9CAF2145450800C6AE4D /* LoadMoreCell.swift in Sources */ = {isa = PBXBuildFile; fileRef = 917A9CAE2145450800C6AE4D /* LoadMoreCell.swift */; };
		917A9CB121456B8200C6AE4D /* MovieListInteractorTests.swift in Sources */ = {isa = PBXBuildFile; fileRef = 917A9CB021456B8200C6AE4D /* MovieListInteractorTests.swift */; };
		91894D752144EED700C6BE44 /* ImageFetcher.swift in Sources */ = {isa = PBXBuildFile; fileRef = 91894D742144EED700C6BE44 /* ImageFetcher.swift */; };
		91894D792144EF0800C6BE44 /* ImageDownloadOperation.swift in Sources */ = {isa = PBXBuildFile; fileRef = 91894D782144EF0800C6BE44 /* ImageDownloadOperation.swift */; };
		91A01FC12138332E0079A1E5 /* AppDelegate.swift in Sources */ = {isa = PBXBuildFile; fileRef = 91A01FC02138332E0079A1E5 /* AppDelegate.swift */; };
		91A01FC32138332E0079A1E5 /* SearchViewController.swift in Sources */ = {isa = PBXBuildFile; fileRef = 91A01FC22138332E0079A1E5 /* SearchViewController.swift */; };
		91A01FC62138332E0079A1E5 /* Main.storyboard in Resources */ = {isa = PBXBuildFile; fileRef = 91A01FC42138332E0079A1E5 /* Main.storyboard */; };
		91A01FC8213833300079A1E5 /* Assets.xcassets in Resources */ = {isa = PBXBuildFile; fileRef = 91A01FC7213833300079A1E5 /* Assets.xcassets */; };
		91A01FCB213833300079A1E5 /* LaunchScreen.storyboard in Resources */ = {isa = PBXBuildFile; fileRef = 91A01FC9213833300079A1E5 /* LaunchScreen.storyboard */; };
		91A01FE9213863500079A1E5 /* SearchCell.swift in Sources */ = {isa = PBXBuildFile; fileRef = 91A01FE8213863500079A1E5 /* SearchCell.swift */; };
		91B28D53213A5C0E0097B456 /* SearchInteractor.swift in Sources */ = {isa = PBXBuildFile; fileRef = 91B28D52213A5C0E0097B456 /* SearchInteractor.swift */; };
		91B28D55213A62390097B456 /* SearchPresenter.swift in Sources */ = {isa = PBXBuildFile; fileRef = 91B28D54213A62390097B456 /* SearchPresenter.swift */; };
		91ED3C02214417EF000EB739 /* MovieModel.swift in Sources */ = {isa = PBXBuildFile; fileRef = 91ED3C01214417EF000EB739 /* MovieModel.swift */; };
		91EE89A721423E5400C4332E /* AutoSuggestionStore.swift in Sources */ = {isa = PBXBuildFile; fileRef = 91EE89A621423E5400C4332E /* AutoSuggestionStore.swift */; };
		91EE89AA214265A900C4332E /* MovieListViewController.swift in Sources */ = {isa = PBXBuildFile; fileRef = 91EE89A9214265A900C4332E /* MovieListViewController.swift */; };
		91EE89AE214268AA00C4332E /* MovieCell.swift in Sources */ = {isa = PBXBuildFile; fileRef = 91EE89AD214268AA00C4332E /* MovieCell.swift */; };
/* End PBXBuildFile section */

/* Begin PBXContainerItemProxy section */
		91A01FD2213833300079A1E5 /* PBXContainerItemProxy */ = {
			isa = PBXContainerItemProxy;
			containerPortal = 91A01FB52138332E0079A1E5 /* Project object */;
			proxyType = 1;
			remoteGlobalIDString = 91A01FBC2138332E0079A1E5;
			remoteInfo = FlickrGallery;
		};
/* End PBXContainerItemProxy section */

/* Begin PBXFileReference section */
		9142A057214392D0002BA20C /* MovieListInteractor.swift */ = {isa = PBXFileReference; lastKnownFileType = sourcecode.swift; path = MovieListInteractor.swift; sourceTree = "<group>"; };
		9142A0592143941B002BA20C /* MovieListPresenter.swift */ = {isa = PBXFileReference; lastKnownFileType = sourcecode.swift; path = MovieListPresenter.swift; sourceTree = "<group>"; };
		9142A05C214395D1002BA20C /* MovieSearchApi.swift */ = {isa = PBXFileReference; lastKnownFileType = sourcecode.swift; path = MovieSearchApi.swift; sourceTree = "<group>"; };
		917A9CAE2145450800C6AE4D /* LoadMoreCell.swift */ = {isa = PBXFileReference; lastKnownFileType = sourcecode.swift; path = LoadMoreCell.swift; sourceTree = "<group>"; };
		917A9CB021456B8200C6AE4D /* MovieListInteractorTests.swift */ = {isa = PBXFileReference; lastKnownFileType = sourcecode.swift; path = MovieListInteractorTests.swift; sourceTree = "<group>"; };
		91894D742144EED700C6BE44 /* ImageFetcher.swift */ = {isa = PBXFileReference; fileEncoding = 4; lastKnownFileType = sourcecode.swift; path = ImageFetcher.swift; sourceTree = "<group>"; };
		91894D782144EF0800C6BE44 /* ImageDownloadOperation.swift */ = {isa = PBXFileReference; fileEncoding = 4; lastKnownFileType = sourcecode.swift; path = ImageDownloadOperation.swift; sourceTree = "<group>"; };
		91A01FBD2138332E0079A1E5 /* TMDb.app */ = {isa = PBXFileReference; explicitFileType = wrapper.application; includeInIndex = 0; path = TMDb.app; sourceTree = BUILT_PRODUCTS_DIR; };
		91A01FC02138332E0079A1E5 /* AppDelegate.swift */ = {isa = PBXFileReference; lastKnownFileType = sourcecode.swift; path = AppDelegate.swift; sourceTree = "<group>"; };
		91A01FC22138332E0079A1E5 /* SearchViewController.swift */ = {isa = PBXFileReference; lastKnownFileType = sourcecode.swift; path = SearchViewController.swift; sourceTree = "<group>"; };
		91A01FC52138332E0079A1E5 /* Base */ = {isa = PBXFileReference; lastKnownFileType = file.storyboard; name = Base; path = Base.lproj/Main.storyboard; sourceTree = "<group>"; };
		91A01FC7213833300079A1E5 /* Assets.xcassets */ = {isa = PBXFileReference; lastKnownFileType = folder.assetcatalog; path = Assets.xcassets; sourceTree = "<group>"; };
		91A01FCA213833300079A1E5 /* Base */ = {isa = PBXFileReference; lastKnownFileType = file.storyboard; name = Base; path = Base.lproj/LaunchScreen.storyboard; sourceTree = "<group>"; };
		91A01FCC213833300079A1E5 /* Info.plist */ = {isa = PBXFileReference; lastKnownFileType = text.plist.xml; path = Info.plist; sourceTree = "<group>"; };
		91A01FD1213833300079A1E5 /* TMDbTests.xctest */ = {isa = PBXFileReference; explicitFileType = wrapper.cfbundle; includeInIndex = 0; path = TMDbTests.xctest; sourceTree = BUILT_PRODUCTS_DIR; };
		91A01FD7213833300079A1E5 /* Info.plist */ = {isa = PBXFileReference; lastKnownFileType = text.plist.xml; path = Info.plist; sourceTree = "<group>"; };
		91A01FE8213863500079A1E5 /* SearchCell.swift */ = {isa = PBXFileReference; lastKnownFileType = sourcecode.swift; path = SearchCell.swift; sourceTree = "<group>"; };
		91B28D52213A5C0E0097B456 /* SearchInteractor.swift */ = {isa = PBXFileReference; lastKnownFileType = sourcecode.swift; path = SearchInteractor.swift; sourceTree = "<group>"; };
		91B28D54213A62390097B456 /* SearchPresenter.swift */ = {isa = PBXFileReference; lastKnownFileType = sourcecode.swift; path = SearchPresenter.swift; sourceTree = "<group>"; };
		91ED3C01214417EF000EB739 /* MovieModel.swift */ = {isa = PBXFileReference; fileEncoding = 4; lastKnownFileType = sourcecode.swift; path = MovieModel.swift; sourceTree = "<group>"; };
		91EE89A621423E5400C4332E /* AutoSuggestionStore.swift */ = {isa = PBXFileReference; fileEncoding = 4; lastKnownFileType = sourcecode.swift; path = AutoSuggestionStore.swift; sourceTree = "<group>"; };
		91EE89A9214265A900C4332E /* MovieListViewController.swift */ = {isa = PBXFileReference; lastKnownFileType = sourcecode.swift; path = MovieListViewController.swift; sourceTree = "<group>"; };
		91EE89AD214268AA00C4332E /* MovieCell.swift */ = {isa = PBXFileReference; fileEncoding = 4; lastKnownFileType = sourcecode.swift; path = MovieCell.swift; sourceTree = "<group>"; };
/* End PBXFileReference section */

/* Begin PBXFrameworksBuildPhase section */
		91A01FBA2138332E0079A1E5 /* Frameworks */ = {
			isa = PBXFrameworksBuildPhase;
			buildActionMask = 2147483647;
			files = (
			);
			runOnlyForDeploymentPostprocessing = 0;
		};
		91A01FCE213833300079A1E5 /* Frameworks */ = {
			isa = PBXFrameworksBuildPhase;
			buildActionMask = 2147483647;
			files = (
			);
			runOnlyForDeploymentPostprocessing = 0;
		};
/* End PBXFrameworksBuildPhase section */

/* Begin PBXGroup section */
		910AAD29213C1A8E00E5A3B9 /* Scene */ = {
			isa = PBXGroup;
			children = (
				910AAD2A213C1A9600E5A3B9 /* MovieListScene */,
			);
			path = Scene;
			sourceTree = "<group>";
		};
		910AAD2A213C1A9600E5A3B9 /* MovieListScene */ = {
			isa = PBXGroup;
			children = (
				917A9CB021456B8200C6AE4D /* MovieListInteractorTests.swift */,
			);
			path = MovieListScene;
			sourceTree = "<group>";
		};
		9142A05B2143954E002BA20C /* MovieSearchStore */ = {
			isa = PBXGroup;
			children = (
				9142A05C214395D1002BA20C /* MovieSearchApi.swift */,
			);
			path = MovieSearchStore;
			sourceTree = "<group>";
		};
		91894D732144EED700C6BE44 /* ImageStore */ = {
			isa = PBXGroup;
			children = (
				91894D742144EED700C6BE44 /* ImageFetcher.swift */,
			);
			path = ImageStore;
			sourceTree = "<group>";
		};
		91894D762144EF0800C6BE44 /* Networking */ = {
			isa = PBXGroup;
			children = (
				91894D772144EF0800C6BE44 /* ImageDownloader */,
			);
			path = Networking;
			sourceTree = "<group>";
		};
		91894D772144EF0800C6BE44 /* ImageDownloader */ = {
			isa = PBXGroup;
			children = (
				91894D782144EF0800C6BE44 /* ImageDownloadOperation.swift */,
			);
			path = ImageDownloader;
			sourceTree = "<group>";
		};
		91A01FB42138332E0079A1E5 = {
			isa = PBXGroup;
			children = (
				91A01FBF2138332E0079A1E5 /* TMDb */,
				91A01FD4213833300079A1E5 /* TMDbTests */,
				91A01FBE2138332E0079A1E5 /* Products */,
			);
			sourceTree = "<group>";
		};
		91A01FBE2138332E0079A1E5 /* Products */ = {
			isa = PBXGroup;
			children = (
				91A01FBD2138332E0079A1E5 /* TMDb.app */,
				91A01FD1213833300079A1E5 /* TMDbTests.xctest */,
			);
			name = Products;
			sourceTree = "<group>";
		};
		91A01FBF2138332E0079A1E5 /* TMDb */ = {
			isa = PBXGroup;
			children = (
				91A01FE22138412E0079A1E5 /* Assets */,
				91A01FE42138414C0079A1E5 /* OtherResources */,
				91A01FE0213841070079A1E5 /* Src */,
				91A01FE12138411D0079A1E5 /* Storyboards */,
			);
			path = TMDb;
			sourceTree = "<group>";
		};
		91A01FD4213833300079A1E5 /* TMDbTests */ = {
			isa = PBXGroup;
			children = (
				910AAD29213C1A8E00E5A3B9 /* Scene */,
				91A01FD7213833300079A1E5 /* Info.plist */,
			);
			path = TMDbTests;
			sourceTree = "<group>";
		};
		91A01FE0213841070079A1E5 /* Src */ = {
			isa = PBXGroup;
			children = (
				91A01FE52138417A0079A1E5 /* AppDelegate */,
				91EE89A421423E5400C4332E /* DataStore */,
				91894D762144EF0800C6BE44 /* Networking */,
				91A01FE62138418A0079A1E5 /* Scenes */,
			);
			path = Src;
			sourceTree = "<group>";
		};
		91A01FE12138411D0079A1E5 /* Storyboards */ = {
			isa = PBXGroup;
			children = (
				91A01FC42138332E0079A1E5 /* Main.storyboard */,
			);
			path = Storyboards;
			sourceTree = "<group>";
		};
		91A01FE22138412E0079A1E5 /* Assets */ = {
			isa = PBXGroup;
			children = (
				91A01FC7213833300079A1E5 /* Assets.xcassets */,
			);
			path = Assets;
			sourceTree = "<group>";
		};
		91A01FE42138414C0079A1E5 /* OtherResources */ = {
			isa = PBXGroup;
			children = (
				91A01FC9213833300079A1E5 /* LaunchScreen.storyboard */,
				91A01FCC213833300079A1E5 /* Info.plist */,
			);
			name = OtherResources;
			sourceTree = "<group>";
		};
		91A01FE52138417A0079A1E5 /* AppDelegate */ = {
			isa = PBXGroup;
			children = (
				91A01FC02138332E0079A1E5 /* AppDelegate.swift */,
			);
			path = AppDelegate;
			sourceTree = "<group>";
		};
		91A01FE62138418A0079A1E5 /* Scenes */ = {
			isa = PBXGroup;
			children = (
				91EE89A82142658900C4332E /* MovieListScene */,
				91A01FE7213841920079A1E5 /* SearchScene */,
			);
			path = Scenes;
			sourceTree = "<group>";
		};
		91A01FE7213841920079A1E5 /* SearchScene */ = {
			isa = PBXGroup;
			children = (
				91A01FC22138332E0079A1E5 /* SearchViewController.swift */,
				91B28D54213A62390097B456 /* SearchPresenter.swift */,
				91B28D52213A5C0E0097B456 /* SearchInteractor.swift */,
				91A01FE8213863500079A1E5 /* SearchCell.swift */,
			);
			path = SearchScene;
			sourceTree = "<group>";
		};
		91EE89A421423E5400C4332E /* DataStore */ = {
			isa = PBXGroup;
			children = (
				91EE89A521423E5400C4332E /* AutoSuggestionStore */,
				91894D732144EED700C6BE44 /* ImageStore */,
				9142A05B2143954E002BA20C /* MovieSearchStore */,
			);
			path = DataStore;
			sourceTree = "<group>";
		};
		91EE89A521423E5400C4332E /* AutoSuggestionStore */ = {
			isa = PBXGroup;
			children = (
				91EE89A621423E5400C4332E /* AutoSuggestionStore.swift */,
			);
			path = AutoSuggestionStore;
			sourceTree = "<group>";
		};
		91EE89A82142658900C4332E /* MovieListScene */ = {
			isa = PBXGroup;
			children = (
				91EE89A9214265A900C4332E /* MovieListViewController.swift */,
				9142A057214392D0002BA20C /* MovieListInteractor.swift */,
				9142A0592143941B002BA20C /* MovieListPresenter.swift */,
				91ED3C01214417EF000EB739 /* MovieModel.swift */,
				91EE89AD214268AA00C4332E /* MovieCell.swift */,
				917A9CAE2145450800C6AE4D /* LoadMoreCell.swift */,
			);
			path = MovieListScene;
			sourceTree = "<group>";
		};
/* End PBXGroup section */

/* Begin PBXNativeTarget section */
		91A01FBC2138332E0079A1E5 /* TMDb */ = {
			isa = PBXNativeTarget;
			buildConfigurationList = 91A01FDA213833300079A1E5 /* Build configuration list for PBXNativeTarget "TMDb" */;
			buildPhases = (
				91A01FB92138332E0079A1E5 /* Sources */,
				91A01FBA2138332E0079A1E5 /* Frameworks */,
				91A01FBB2138332E0079A1E5 /* Resources */,
			);
			buildRules = (
			);
			dependencies = (
			);
			name = TMDb;
			productName = FlickrGallery;
			productReference = 91A01FBD2138332E0079A1E5 /* TMDb.app */;
			productType = "com.apple.product-type.application";
		};
		91A01FD0213833300079A1E5 /* TMDbTests */ = {
			isa = PBXNativeTarget;
			buildConfigurationList = 91A01FDD213833300079A1E5 /* Build configuration list for PBXNativeTarget "TMDbTests" */;
			buildPhases = (
				91A01FCD213833300079A1E5 /* Sources */,
				91A01FCE213833300079A1E5 /* Frameworks */,
				91A01FCF213833300079A1E5 /* Resources */,
			);
			buildRules = (
			);
			dependencies = (
				91A01FD3213833300079A1E5 /* PBXTargetDependency */,
			);
			name = TMDbTests;
			productName = FlickrGalleryTests;
			productReference = 91A01FD1213833300079A1E5 /* TMDbTests.xctest */;
			productType = "com.apple.product-type.bundle.unit-test";
		};
/* End PBXNativeTarget section */

/* Begin PBXProject section */
		91A01FB52138332E0079A1E5 /* Project object */ = {
			isa = PBXProject;
			attributes = {
				LastSwiftUpdateCheck = 0940;
				LastUpgradeCheck = 0940;
				ORGANIZATIONNAME = "Inder Kumar Rathore";
				TargetAttributes = {
					91A01FBC2138332E0079A1E5 = {
						CreatedOnToolsVersion = 9.4.1;
					};
					91A01FD0213833300079A1E5 = {
						CreatedOnToolsVersion = 9.4.1;
						LastSwiftMigration = 0940;
						TestTargetID = 91A01FBC2138332E0079A1E5;
					};
				};
			};
			buildConfigurationList = 91A01FB82138332E0079A1E5 /* Build configuration list for PBXProject "TMDb" */;
			compatibilityVersion = "Xcode 9.3";
			developmentRegion = en;
			hasScannedForEncodings = 0;
			knownRegions = (
				en,
				Base,
			);
			mainGroup = 91A01FB42138332E0079A1E5;
			productRefGroup = 91A01FBE2138332E0079A1E5 /* Products */;
			projectDirPath = "";
			projectRoot = "";
			targets = (
				91A01FBC2138332E0079A1E5 /* TMDb */,
				91A01FD0213833300079A1E5 /* TMDbTests */,
			);
		};
/* End PBXProject section */

/* Begin PBXResourcesBuildPhase section */
		91A01FBB2138332E0079A1E5 /* Resources */ = {
			isa = PBXResourcesBuildPhase;
			buildActionMask = 2147483647;
			files = (
				91A01FCB213833300079A1E5 /* LaunchScreen.storyboard in Resources */,
				91A01FC8213833300079A1E5 /* Assets.xcassets in Resources */,
				91A01FC62138332E0079A1E5 /* Main.storyboard in Resources */,
			);
			runOnlyForDeploymentPostprocessing = 0;
		};
		91A01FCF213833300079A1E5 /* Resources */ = {
			isa = PBXResourcesBuildPhase;
			buildActionMask = 2147483647;
			files = (
			);
			runOnlyForDeploymentPostprocessing = 0;
		};
/* End PBXResourcesBuildPhase section */

/* Begin PBXSourcesBuildPhase section */
		91A01FB92138332E0079A1E5 /* Sources */ = {
			isa = PBXSourcesBuildPhase;
			buildActionMask = 2147483647;
			files = (
				91ED3C02214417EF000EB739 /* MovieModel.swift in Sources */,
				91B28D53213A5C0E0097B456 /* SearchInteractor.swift in Sources */,
				9142A058214392D0002BA20C /* MovieListInteractor.swift in Sources */,
				917A9CAF2145450800C6AE4D /* LoadMoreCell.swift in Sources */,
				91EE89AE214268AA00C4332E /* MovieCell.swift in Sources */,
				91A01FE9213863500079A1E5 /* SearchCell.swift in Sources */,
				91894D792144EF0800C6BE44 /* ImageDownloadOperation.swift in Sources */,
				91B28D55213A62390097B456 /* SearchPresenter.swift in Sources */,
				91A01FC32138332E0079A1E5 /* SearchViewController.swift in Sources */,
				91894D752144EED700C6BE44 /* ImageFetcher.swift in Sources */,
				91EE89AA214265A900C4332E /* MovieListViewController.swift in Sources */,
				9142A05D214395D1002BA20C /* MovieSearchApi.swift in Sources */,
				91EE89A721423E5400C4332E /* AutoSuggestionStore.swift in Sources */,
				91A01FC12138332E0079A1E5 /* AppDelegate.swift in Sources */,
				9142A05A2143941B002BA20C /* MovieListPresenter.swift in Sources */,
			);
			runOnlyForDeploymentPostprocessing = 0;
		};
		91A01FCD213833300079A1E5 /* Sources */ = {
			isa = PBXSourcesBuildPhase;
			buildActionMask = 2147483647;
			files = (
				917A9CB121456B8200C6AE4D /* MovieListInteractorTests.swift in Sources */,
			);
			runOnlyForDeploymentPostprocessing = 0;
		};
/* End PBXSourcesBuildPhase section */

/* Begin PBXTargetDependency section */
		91A01FD3213833300079A1E5 /* PBXTargetDependency */ = {
			isa = PBXTargetDependency;
			target = 91A01FBC2138332E0079A1E5 /* TMDb */;
			targetProxy = 91A01FD2213833300079A1E5 /* PBXContainerItemProxy */;
		};
/* End PBXTargetDependency section */

/* Begin PBXVariantGroup section */
		91A01FC42138332E0079A1E5 /* Main.storyboard */ = {
			isa = PBXVariantGroup;
			children = (
				91A01FC52138332E0079A1E5 /* Base */,
			);
			name = Main.storyboard;
			sourceTree = "<group>";
		};
		91A01FC9213833300079A1E5 /* LaunchScreen.storyboard */ = {
			isa = PBXVariantGroup;
			children = (
				91A01FCA213833300079A1E5 /* Base */,
			);
			name = LaunchScreen.storyboard;
			sourceTree = "<group>";
		};
/* End PBXVariantGroup section */

/* Begin XCBuildConfiguration section */
		91A01FD8213833300079A1E5 /* Debug */ = {
			isa = XCBuildConfiguration;
			buildSettings = {
				ALWAYS_SEARCH_USER_PATHS = NO;
				CLANG_ANALYZER_NONNULL = YES;
				CLANG_ANALYZER_NUMBER_OBJECT_CONVERSION = YES_AGGRESSIVE;
				CLANG_CXX_LANGUAGE_STANDARD = "gnu++14";
				CLANG_CXX_LIBRARY = "libc++";
				CLANG_ENABLE_MODULES = YES;
				CLANG_ENABLE_OBJC_ARC = YES;
				CLANG_ENABLE_OBJC_WEAK = YES;
				CLANG_WARN_BLOCK_CAPTURE_AUTORELEASING = YES;
				CLANG_WARN_BOOL_CONVERSION = YES;
				CLANG_WARN_COMMA = YES;
				CLANG_WARN_CONSTANT_CONVERSION = YES;
				CLANG_WARN_DEPRECATED_OBJC_IMPLEMENTATIONS = YES;
				CLANG_WARN_DIRECT_OBJC_ISA_USAGE = YES_ERROR;
				CLANG_WARN_DOCUMENTATION_COMMENTS = YES;
				CLANG_WARN_EMPTY_BODY = YES;
				CLANG_WARN_ENUM_CONVERSION = YES;
				CLANG_WARN_INFINITE_RECURSION = YES;
				CLANG_WARN_INT_CONVERSION = YES;
				CLANG_WARN_NON_LITERAL_NULL_CONVERSION = YES;
				CLANG_WARN_OBJC_IMPLICIT_RETAIN_SELF = YES;
				CLANG_WARN_OBJC_LITERAL_CONVERSION = YES;
				CLANG_WARN_OBJC_ROOT_CLASS = YES_ERROR;
				CLANG_WARN_RANGE_LOOP_ANALYSIS = YES;
				CLANG_WARN_STRICT_PROTOTYPES = YES;
				CLANG_WARN_SUSPICIOUS_MOVE = YES;
				CLANG_WARN_UNGUARDED_AVAILABILITY = YES_AGGRESSIVE;
				CLANG_WARN_UNREACHABLE_CODE = YES;
				CLANG_WARN__DUPLICATE_METHOD_MATCH = YES;
				CODE_SIGN_IDENTITY = "iPhone Developer";
				COPY_PHASE_STRIP = NO;
				DEBUG_INFORMATION_FORMAT = dwarf;
				ENABLE_STRICT_OBJC_MSGSEND = YES;
				ENABLE_TESTABILITY = YES;
				GCC_C_LANGUAGE_STANDARD = gnu11;
				GCC_DYNAMIC_NO_PIC = NO;
				GCC_NO_COMMON_BLOCKS = YES;
				GCC_OPTIMIZATION_LEVEL = 0;
				GCC_PREPROCESSOR_DEFINITIONS = (
					"DEBUG=1",
					"$(inherited)",
				);
				GCC_WARN_64_TO_32_BIT_CONVERSION = YES;
				GCC_WARN_ABOUT_RETURN_TYPE = YES_ERROR;
				GCC_WARN_UNDECLARED_SELECTOR = YES;
				GCC_WARN_UNINITIALIZED_AUTOS = YES_AGGRESSIVE;
				GCC_WARN_UNUSED_FUNCTION = YES;
				GCC_WARN_UNUSED_VARIABLE = YES;
				IPHONEOS_DEPLOYMENT_TARGET = 11.4;
				MTL_ENABLE_DEBUG_INFO = YES;
				ONLY_ACTIVE_ARCH = YES;
				SDKROOT = iphoneos;
				SWIFT_ACTIVE_COMPILATION_CONDITIONS = DEBUG;
				SWIFT_OPTIMIZATION_LEVEL = "-Onone";
			};
			name = Debug;
		};
		91A01FD9213833300079A1E5 /* Release */ = {
			isa = XCBuildConfiguration;
			buildSettings = {
				ALWAYS_SEARCH_USER_PATHS = NO;
				CLANG_ANALYZER_NONNULL = YES;
				CLANG_ANALYZER_NUMBER_OBJECT_CONVERSION = YES_AGGRESSIVE;
				CLANG_CXX_LANGUAGE_STANDARD = "gnu++14";
				CLANG_CXX_LIBRARY = "libc++";
				CLANG_ENABLE_MODULES = YES;
				CLANG_ENABLE_OBJC_ARC = YES;
				CLANG_ENABLE_OBJC_WEAK = YES;
				CLANG_WARN_BLOCK_CAPTURE_AUTORELEASING = YES;
				CLANG_WARN_BOOL_CONVERSION = YES;
				CLANG_WARN_COMMA = YES;
				CLANG_WARN_CONSTANT_CONVERSION = YES;
				CLANG_WARN_DEPRECATED_OBJC_IMPLEMENTATIONS = YES;
				CLANG_WARN_DIRECT_OBJC_ISA_USAGE = YES_ERROR;
				CLANG_WARN_DOCUMENTATION_COMMENTS = YES;
				CLANG_WARN_EMPTY_BODY = YES;
				CLANG_WARN_ENUM_CONVERSION = YES;
				CLANG_WARN_INFINITE_RECURSION = YES;
				CLANG_WARN_INT_CONVERSION = YES;
				CLANG_WARN_NON_LITERAL_NULL_CONVERSION = YES;
				CLANG_WARN_OBJC_IMPLICIT_RETAIN_SELF = YES;
				CLANG_WARN_OBJC_LITERAL_CONVERSION = YES;
				CLANG_WARN_OBJC_ROOT_CLASS = YES_ERROR;
				CLANG_WARN_RANGE_LOOP_ANALYSIS = YES;
				CLANG_WARN_STRICT_PROTOTYPES = YES;
				CLANG_WARN_SUSPICIOUS_MOVE = YES;
				CLANG_WARN_UNGUARDED_AVAILABILITY = YES_AGGRESSIVE;
				CLANG_WARN_UNREACHABLE_CODE = YES;
				CLANG_WARN__DUPLICATE_METHOD_MATCH = YES;
				CODE_SIGN_IDENTITY = "iPhone Developer";
				COPY_PHASE_STRIP = NO;
				DEBUG_INFORMATION_FORMAT = "dwarf-with-dsym";
				ENABLE_NS_ASSERTIONS = NO;
				ENABLE_STRICT_OBJC_MSGSEND = YES;
				GCC_C_LANGUAGE_STANDARD = gnu11;
				GCC_NO_COMMON_BLOCKS = YES;
				GCC_WARN_64_TO_32_BIT_CONVERSION = YES;
				GCC_WARN_ABOUT_RETURN_TYPE = YES_ERROR;
				GCC_WARN_UNDECLARED_SELECTOR = YES;
				GCC_WARN_UNINITIALIZED_AUTOS = YES_AGGRESSIVE;
				GCC_WARN_UNUSED_FUNCTION = YES;
				GCC_WARN_UNUSED_VARIABLE = YES;
				IPHONEOS_DEPLOYMENT_TARGET = 11.4;
				MTL_ENABLE_DEBUG_INFO = NO;
				SDKROOT = iphoneos;
				SWIFT_COMPILATION_MODE = wholemodule;
				SWIFT_OPTIMIZATION_LEVEL = "-O";
				VALIDATE_PRODUCT = YES;
			};
			name = Release;
		};
		91A01FDB213833300079A1E5 /* Debug */ = {
			isa = XCBuildConfiguration;
			buildSettings = {
				ASSETCATALOG_COMPILER_APPICON_NAME = AppIcon;
				CODE_SIGN_STYLE = Automatic;
				DEVELOPMENT_TEAM = UZ588YPX8M;
				INFOPLIST_FILE = TMDb/Info.plist;
				IPHONEOS_DEPLOYMENT_TARGET = 9.0;
				LD_RUNPATH_SEARCH_PATHS = (
					"$(inherited)",
					"@executable_path/Frameworks",
				);
				PRODUCT_BUNDLE_IDENTIFIER = com.aspiringminds.TMDb;
				PRODUCT_NAME = "$(TARGET_NAME)";
				SWIFT_VERSION = 4.0;
				TARGETED_DEVICE_FAMILY = 1;
			};
			name = Debug;
		};
		91A01FDC213833300079A1E5 /* Release */ = {
			isa = XCBuildConfiguration;
			buildSettings = {
				ASSETCATALOG_COMPILER_APPICON_NAME = AppIcon;
				CODE_SIGN_STYLE = Automatic;
				DEVELOPMENT_TEAM = UZ588YPX8M;
				INFOPLIST_FILE = TMDb/Info.plist;
				IPHONEOS_DEPLOYMENT_TARGET = 9.0;
				LD_RUNPATH_SEARCH_PATHS = (
					"$(inherited)",
					"@executable_path/Frameworks",
				);
				PRODUCT_BUNDLE_IDENTIFIER = com.aspiringminds.TMDb;
				PRODUCT_NAME = "$(TARGET_NAME)";
				SWIFT_VERSION = 4.0;
				TARGETED_DEVICE_FAMILY = 1;
			};
			name = Release;
		};
		91A01FDE213833300079A1E5 /* Debug */ = {
			isa = XCBuildConfiguration;
			buildSettings = {
				ALWAYS_EMBED_SWIFT_STANDARD_LIBRARIES = YES;
				BUNDLE_LOADER = "$(TEST_HOST)";
				CLANG_ENABLE_MODULES = YES;
				CODE_SIGN_STYLE = Automatic;
				DEVELOPMENT_TEAM = UZ588YPX8M;
				INFOPLIST_FILE = TMDbTests/Info.plist;
				LD_RUNPATH_SEARCH_PATHS = (
					"$(inherited)",
					"@executable_path/Frameworks",
					"@loader_path/Frameworks",
				);
				PRODUCT_BUNDLE_IDENTIFIER = com.ikr.TMDbTests;
				PRODUCT_NAME = "$(TARGET_NAME)";
				SWIFT_OPTIMIZATION_LEVEL = "-Onone";
				SWIFT_VERSION = 4.0;
				TARGETED_DEVICE_FAMILY = "1,2";
				TEST_HOST = "$(BUILT_PRODUCTS_DIR)/TMDb.app/TMDb";
			};
			name = Debug;
		};
		91A01FDF213833300079A1E5 /* Release */ = {
			isa = XCBuildConfiguration;
			buildSettings = {
				ALWAYS_EMBED_SWIFT_STANDARD_LIBRARIES = YES;
				BUNDLE_LOADER = "$(TEST_HOST)";
				CLANG_ENABLE_MODULES = YES;
				CODE_SIGN_STYLE = Automatic;
				DEVELOPMENT_TEAM = UZ588YPX8M;
				INFOPLIST_FILE = TMDbTests/Info.plist;
				LD_RUNPATH_SEARCH_PATHS = (
					"$(inherited)",
					"@executable_path/Frameworks",
					"@loader_path/Frameworks",
				);
				PRODUCT_BUNDLE_IDENTIFIER = com.ikr.TMDbTests;
				PRODUCT_NAME = "$(TARGET_NAME)";
				SWIFT_VERSION = 4.0;
				TARGETED_DEVICE_FAMILY = "1,2";
				TEST_HOST = "$(BUILT_PRODUCTS_DIR)/TMDb.app/TMDb";
			};
			name = Release;
		};
/* End XCBuildConfiguration section */

/* Begin XCConfigurationList section */
		91A01FB82138332E0079A1E5 /* Build configuration list for PBXProject "TMDb" */ = {
			isa = XCConfigurationList;
			buildConfigurations = (
				91A01FD8213833300079A1E5 /* Debug */,
				91A01FD9213833300079A1E5 /* Release */,
			);
			defaultConfigurationIsVisible = 0;
			defaultConfigurationName = Release;
		};
		91A01FDA213833300079A1E5 /* Build configuration list for PBXNativeTarget "TMDb" */ = {
			isa = XCConfigurationList;
			buildConfigurations = (
				91A01FDB213833300079A1E5 /* Debug */,
				91A01FDC213833300079A1E5 /* Release */,
			);
			defaultConfigurationIsVisible = 0;
			defaultConfigurationName = Release;
		};
		91A01FDD213833300079A1E5 /* Build configuration list for PBXNativeTarget "TMDbTests" */ = {
			isa = XCConfigurationList;
			buildConfigurations = (
				91A01FDE213833300079A1E5 /* Debug */,
				91A01FDF213833300079A1E5 /* Release */,
			);
			defaultConfigurationIsVisible = 0;
			defaultConfigurationName = Release;
		};
/* End XCConfigurationList section */
	};
	rootObject = 91A01FB52138332E0079A1E5 /* Project object */;
}
